
Microsoft Visual Studio Solution File, Format Version 12.00
# Visual Studio Version 16
VisualStudioVersion = 16.0.31321.278
MinimumVisualStudioVersion = 10.0.40219.1
Project("{FAE04EC0-301F-11D3-BF4B-00C04F79EFBC}") = "ToDo", "ToDo\ToDo.csproj", "{C509C465-3DA4-407B-82DA-652E9E99E530}"
EndProject
Global
	GlobalSection(SolutionConfigurationPlatforms) = preSolution
		Debug|Any CPU = Debug|Any CPU
		Release|Any CPU = Release|Any CPU
	EndGlobalSection
	GlobalSection(ProjectConfigurationPlatforms) = postSolution
		{C509C465-3DA4-407B-82DA-652E9E99E530}.Debug|Any CPU.ActiveCfg = Debug|Any CPU
		{C509C465-3DA4-407B-82DA-652E9E99E530}.Debug|Any CPU.Build.0 = Debug|Any CPU
		{C509C465-3DA4-407B-82DA-652E9E99E530}.Release|Any CPU.ActiveCfg = Release|Any CPU
		{C509C465-3DA4-407B-82DA-652E9E99E530}.Release|Any CPU.Build.0 = Release|Any CPU
	EndGlobalSection
	GlobalSection(SolutionProperties) = preSolution
		HideSolutionNode = FALSE
	EndGlobalSection
	GlobalSection(ExtensibilityGlobals) = postSolution
		SolutionGuid = {EE43692E-808C-4C12-8C7E-6C2BDF1C32C5}
	EndGlobalSection
EndGlobal
